
Microsoft Visual Studio Solution File, Format Version 12.00
# Visual Studio 15
VisualStudioVersion = 15.0.28307.329
MinimumVisualStudioVersion = 10.0.40219.1
Project("{8BC9CEB8-8B4A-11D0-8D11-00A0C91BC942}") = "ConsoleApplication3", "ConsoleApplication3\ConsoleApplication3.vcxproj", "{09BB06F5-DEC5-4336-8D45-699B271EE326}"
EndProject
Global
	GlobalSection(SolutionConfigurationPlatforms) = preSolution
		Debug|x64 = Debug|x64
		Debug|x86 = Debug|x86
		Release|x64 = Release|x64
		Release|x86 = Release|x86
	EndGlobalSection
	GlobalSection(ProjectConfigurationPlatforms) = postSolution
		{09BB06F5-DEC5-4336-8D45-699B271EE326}.Debug|x64.ActiveCfg = Debug|x64
		{09BB06F5-DEC5-4336-8D45-699B271EE326}.Debug|x64.Build.0 = Debug|x64
		{09BB06F5-DEC5-4336-8D45-699B271EE326}.Debug|x86.ActiveCfg = Debug|Win32
		{09BB06F5-DEC5-4336-8D45-699B271EE326}.Debug|x86.Build.0 = Debug|Win32
		{09BB06F5-DEC5-4336-8D45-699B271EE326}.Release|x64.ActiveCfg = Release|x64
		{09BB06F5-DEC5-4336-8D45-699B271EE326}.Release|x64.Build.0 = Release|x64
		{09BB06F5-DEC5-4336-8D45-699B271EE326}.Release|x86.ActiveCfg = Release|Win32
		{09BB06F5-DEC5-4336-8D45-699B271EE326}.Release|x86.Build.0 = Release|Win32
	EndGlobalSection
	GlobalSection(SolutionProperties) = preSolution
		HideSolutionNode = FALSE
	EndGlobalSection
	GlobalSection(ExtensibilityGlobals) = postSolution
		SolutionGuid = {2609176B-868C-4F03-92DE-33080D7C711F}
	EndGlobalSection
EndGlobal
